
Microsoft Visual Studio Solution File, Format Version 11.00
# Visual Studio 2010
Project("{FAE04EC0-301F-11D3-BF4B-00C04F79EFBC}") = "RenderTargetTest", "RenderTargetTest\RenderTargetTest\RenderTargetTest.csproj", "{ECDFE64A-8885-4F21-A3D6-8073CCF673FF}"
EndProject
Project("{96E2B04D-8817-42C6-938A-82C39BA4D311}") = "RenderTargetTestContent", "RenderTargetTest\RenderTargetTestContent\RenderTargetTestContent.contentproj", "{3634EB49-94B8-4816-9D3C-93EC3B4932F6}"
EndProject
Global
	GlobalSection(SolutionConfigurationPlatforms) = preSolution
		Debug|x86 = Debug|x86
		Release|x86 = Release|x86
	EndGlobalSection
	GlobalSection(ProjectConfigurationPlatforms) = postSolution
		{ECDFE64A-8885-4F21-A3D6-8073CCF673FF}.Debug|x86.ActiveCfg = Debug|x86
		{ECDFE64A-8885-4F21-A3D6-8073CCF673FF}.Debug|x86.Build.0 = Debug|x86
		{ECDFE64A-8885-4F21-A3D6-8073CCF673FF}.Release|x86.ActiveCfg = Release|x86
		{ECDFE64A-8885-4F21-A3D6-8073CCF673FF}.Release|x86.Build.0 = Release|x86
		{3634EB49-94B8-4816-9D3C-93EC3B4932F6}.Debug|x86.ActiveCfg = Debug|x86
		{3634EB49-94B8-4816-9D3C-93EC3B4932F6}.Release|x86.ActiveCfg = Release|x86
	EndGlobalSection
	GlobalSection(SolutionProperties) = preSolution
		HideSolutionNode = FALSE
	EndGlobalSection
EndGlobal
